
Microsoft Visual Studio Solution File, Format Version 12.00
# Visual Studio Version 16
VisualStudioVersion = 16.0.28803.352
MinimumVisualStudioVersion = 10.0.40219.1
Project("{FAE04EC0-301F-11D3-BF4B-00C04F79EFBC}") = "CarRental", "CarRental\CarRental.csproj", "{FA3F6A1A-4B11-498E-8BC7-039D6F876D64}"
EndProject
Project("{FAE04EC0-301F-11D3-BF4B-00C04F79EFBC}") = "Repository", "Repository\Repository.csproj", "{98D4CE66-66BF-42F9-9228-5176132AAAB0}"
EndProject
Project("{FAE04EC0-301F-11D3-BF4B-00C04F79EFBC}") = "Models", "Models\Models.csproj", "{39ED1043-63B3-4F72-A8E7-C633E1C2CADF}"
EndProject
Global
	GlobalSection(SolutionConfigurationPlatforms) = preSolution
		Debug|Any CPU = Debug|Any CPU
		Release|Any CPU = Release|Any CPU
	EndGlobalSection
	GlobalSection(ProjectConfigurationPlatforms) = postSolution
		{FA3F6A1A-4B11-498E-8BC7-039D6F876D64}.Debug|Any CPU.ActiveCfg = Debug|Any CPU
		{FA3F6A1A-4B11-498E-8BC7-039D6F876D64}.Debug|Any CPU.Build.0 = Debug|Any CPU
		{FA3F6A1A-4B11-498E-8BC7-039D6F876D64}.Release|Any CPU.ActiveCfg = Release|Any CPU
		{FA3F6A1A-4B11-498E-8BC7-039D6F876D64}.Release|Any CPU.Build.0 = Release|Any CPU
		{98D4CE66-66BF-42F9-9228-5176132AAAB0}.Debug|Any CPU.ActiveCfg = Debug|Any CPU
		{98D4CE66-66BF-42F9-9228-5176132AAAB0}.Debug|Any CPU.Build.0 = Debug|Any CPU
		{98D4CE66-66BF-42F9-9228-5176132AAAB0}.Release|Any CPU.ActiveCfg = Release|Any CPU
		{98D4CE66-66BF-42F9-9228-5176132AAAB0}.Release|Any CPU.Build.0 = Release|Any CPU
		{39ED1043-63B3-4F72-A8E7-C633E1C2CADF}.Debug|Any CPU.ActiveCfg = Debug|Any CPU
		{39ED1043-63B3-4F72-A8E7-C633E1C2CADF}.Debug|Any CPU.Build.0 = Debug|Any CPU
		{39ED1043-63B3-4F72-A8E7-C633E1C2CADF}.Release|Any CPU.ActiveCfg = Release|Any CPU
		{39ED1043-63B3-4F72-A8E7-C633E1C2CADF}.Release|Any CPU.Build.0 = Release|Any CPU
	EndGlobalSection
	GlobalSection(SolutionProperties) = preSolution
		HideSolutionNode = FALSE
	EndGlobalSection
	GlobalSection(ExtensibilityGlobals) = postSolution
		SolutionGuid = {9A2EC314-CBC6-4D5A-B42D-25BF3F797AA0}
	EndGlobalSection
EndGlobal
